// !$*UTF8*$!
{
	archiveVersion = 1;
	classes = {
	};
	objectVersion = 50;
	objects = {

/* Begin PBXBuildFile section */
		F8CE746426D3647B0083DE10 /* AppDelegate.swift in Sources */ = {isa = PBXBuildFile; fileRef = F8CE746326D3647B0083DE10 /* AppDelegate.swift */; };
		F8CE746626D3647B0083DE10 /* SceneDelegate.swift in Sources */ = {isa = PBXBuildFile; fileRef = F8CE746526D3647B0083DE10 /* SceneDelegate.swift */; };
		F8CE746826D3647B0083DE10 /* ViewController.swift in Sources */ = {isa = PBXBuildFile; fileRef = F8CE746726D3647B0083DE10 /* ViewController.swift */; };
		F8CE746B26D3647B0083DE10 /* Main.storyboard in Resources */ = {isa = PBXBuildFile; fileRef = F8CE746926D3647B0083DE10 /* Main.storyboard */; };
		F8CE746D26D3647C0083DE10 /* Assets.xcassets in Resources */ = {isa = PBXBuildFile; fileRef = F8CE746C26D3647C0083DE10 /* Assets.xcassets */; };
		F8CE747026D3647C0083DE10 /* LaunchScreen.storyboard in Resources */ = {isa = PBXBuildFile; fileRef = F8CE746E26D3647C0083DE10 /* LaunchScreen.storyboard */; };
		F8CE747826D364D60083DE10 /* Observable.swift in Sources */ = {isa = PBXBuildFile; fileRef = F8CE747726D364D60083DE10 /* Observable.swift */; };
		F8CE747D26D36D2E0083DE10 /* Person.swift in Sources */ = {isa = PBXBuildFile; fileRef = F8CE747C26D36D2E0083DE10 /* Person.swift */; };
		F8CE747F26D36D4E0083DE10 /* ViewModel.swift in Sources */ = {isa = PBXBuildFile; fileRef = F8CE747E26D36D4E0083DE10 /* ViewModel.swift */; };
/* End PBXBuildFile section */

/* Begin PBXFileReference section */
		F8CE746026D3647B0083DE10 /* MVVMTutorial-iOS.app */ = {isa = PBXFileReference; explicitFileType = wrapper.application; includeInIndex = 0; path = "MVVMTutorial-iOS.app"; sourceTree = BUILT_PRODUCTS_DIR; };
		F8CE746326D3647B0083DE10 /* AppDelegate.swift */ = {isa = PBXFileReference; lastKnownFileType = sourcecode.swift; path = AppDelegate.swift; sourceTree = "<group>"; };
		F8CE746526D3647B0083DE10 /* SceneDelegate.swift */ = {isa = PBXFileReference; lastKnownFileType = sourcecode.swift; path = SceneDelegate.swift; sourceTree = "<group>"; };
		F8CE746726D3647B0083DE10 /* ViewController.swift */ = {isa = PBXFileReference; lastKnownFileType = sourcecode.swift; path = ViewController.swift; sourceTree = "<group>"; };
		F8CE746A26D3647B0083DE10 /* Base */ = {isa = PBXFileReference; lastKnownFileType = file.storyboard; name = Base; path = Base.lproj/Main.storyboard; sourceTree = "<group>"; };
		F8CE746C26D3647C0083DE10 /* Assets.xcassets */ = {isa = PBXFileReference; lastKnownFileType = folder.assetcatalog; path = Assets.xcassets; sourceTree = "<group>"; };
		F8CE746F26D3647C0083DE10 /* Base */ = {isa = PBXFileReference; lastKnownFileType = file.storyboard; name = Base; path = Base.lproj/LaunchScreen.storyboard; sourceTree = "<group>"; };
		F8CE747126D3647C0083DE10 /* Info.plist */ = {isa = PBXFileReference; lastKnownFileType = text.plist.xml; path = Info.plist; sourceTree = "<group>"; };
		F8CE747726D364D60083DE10 /* Observable.swift */ = {isa = PBXFileReference; lastKnownFileType = sourcecode.swift; path = Observable.swift; sourceTree = "<group>"; };
		F8CE747C26D36D2E0083DE10 /* Person.swift */ = {isa = PBXFileReference; lastKnownFileType = sourcecode.swift; path = Person.swift; sourceTree = "<group>"; };
		F8CE747E26D36D4E0083DE10 /* ViewModel.swift */ = {isa = PBXFileReference; lastKnownFileType = sourcecode.swift; path = ViewModel.swift; sourceTree = "<group>"; };
/* End PBXFileReference section */

/* Begin PBXFrameworksBuildPhase section */
		F8CE745D26D3647B0083DE10 /* Frameworks */ = {
			isa = PBXFrameworksBuildPhase;
			buildActionMask = 2147483647;
			files = (
			);
			runOnlyForDeploymentPostprocessing = 0;
		};
/* End PBXFrameworksBuildPhase section */

/* Begin PBXGroup section */
		F8CE745726D3647B0083DE10 = {
			isa = PBXGroup;
			children = (
				F8CE746226D3647B0083DE10 /* MVVMTutorial-iOS */,
				F8CE746126D3647B0083DE10 /* Products */,
			);
			sourceTree = "<group>";
		};
		F8CE746126D3647B0083DE10 /* Products */ = {
			isa = PBXGroup;
			children = (
				F8CE746026D3647B0083DE10 /* MVVMTutorial-iOS.app */,
			);
			name = Products;
			sourceTree = "<group>";
		};
		F8CE746226D3647B0083DE10 /* MVVMTutorial-iOS */ = {
			isa = PBXGroup;
			children = (
				F8CE747726D364D60083DE10 /* Observable.swift */,
				F8CE747B26D36D1A0083DE10 /* View */,
				F8CE747A26D36D150083DE10 /* ViewModel */,
				F8CE747926D36D100083DE10 /* Model */,
				F8CE746326D3647B0083DE10 /* AppDelegate.swift */,
				F8CE746526D3647B0083DE10 /* SceneDelegate.swift */,
				F8CE746C26D3647C0083DE10 /* Assets.xcassets */,
				F8CE746E26D3647C0083DE10 /* LaunchScreen.storyboard */,
				F8CE747126D3647C0083DE10 /* Info.plist */,
			);
			path = "MVVMTutorial-iOS";
			sourceTree = "<group>";
		};
		F8CE747926D36D100083DE10 /* Model */ = {
			isa = PBXGroup;
			children = (
				F8CE747C26D36D2E0083DE10 /* Person.swift */,
			);
			path = Model;
			sourceTree = "<group>";
		};
		F8CE747A26D36D150083DE10 /* ViewModel */ = {
			isa = PBXGroup;
			children = (
				F8CE747E26D36D4E0083DE10 /* ViewModel.swift */,
			);
			path = ViewModel;
			sourceTree = "<group>";
		};
		F8CE747B26D36D1A0083DE10 /* View */ = {
			isa = PBXGroup;
			children = (
				F8CE746726D3647B0083DE10 /* ViewController.swift */,
				F8CE746926D3647B0083DE10 /* Main.storyboard */,
			);
			path = View;
			sourceTree = "<group>";
		};
/* End PBXGroup section */

/* Begin PBXNativeTarget section */
		F8CE745F26D3647B0083DE10 /* MVVMTutorial-iOS */ = {
			isa = PBXNativeTarget;
			buildConfigurationList = F8CE747426D3647C0083DE10 /* Build configuration list for PBXNativeTarget "MVVMTutorial-iOS" */;
			buildPhases = (
				F8CE745C26D3647B0083DE10 /* Sources */,
				F8CE745D26D3647B0083DE10 /* Frameworks */,
				F8CE745E26D3647B0083DE10 /* Resources */,
			);
			buildRules = (
			);
			dependencies = (
			);
			name = "MVVMTutorial-iOS";
			productName = "MVVMTutorial-iOS";
			productReference = F8CE746026D3647B0083DE10 /* MVVMTutorial-iOS.app */;
			productType = "com.apple.product-type.application";
		};
/* End PBXNativeTarget section */

/* Begin PBXProject section */
		F8CE745826D3647B0083DE10 /* Project object */ = {
			isa = PBXProject;
			attributes = {
				LastSwiftUpdateCheck = 1250;
				LastUpgradeCheck = 1250;
				TargetAttributes = {
					F8CE745F26D3647B0083DE10 = {
						CreatedOnToolsVersion = 12.5.1;
					};
				};
			};
			buildConfigurationList = F8CE745B26D3647B0083DE10 /* Build configuration list for PBXProject "MVVMTutorial-iOS" */;
			compatibilityVersion = "Xcode 9.3";
			developmentRegion = en;
			hasScannedForEncodings = 0;
			knownRegions = (
				en,
				Base,
			);
			mainGroup = F8CE745726D3647B0083DE10;
			productRefGroup = F8CE746126D3647B0083DE10 /* Products */;
			projectDirPath = "";
			projectRoot = "";
			targets = (
				F8CE745F26D3647B0083DE10 /* MVVMTutorial-iOS */,
			);
		};
/* End PBXProject section */

/* Begin PBXResourcesBuildPhase section */
		F8CE745E26D3647B0083DE10 /* Resources */ = {
			isa = PBXResourcesBuildPhase;
			buildActionMask = 2147483647;
			files = (
				F8CE747026D3647C0083DE10 /* LaunchScreen.storyboard in Resources */,
				F8CE746D26D3647C0083DE10 /* Assets.xcassets in Resources */,
				F8CE746B26D3647B0083DE10 /* Main.storyboard in Resources */,
			);
			runOnlyForDeploymentPostprocessing = 0;
		};
/* End PBXResourcesBuildPhase section */

/* Begin PBXSourcesBuildPhase section */
		F8CE745C26D3647B0083DE10 /* Sources */ = {
			isa = PBXSourcesBuildPhase;
			buildActionMask = 2147483647;
			files = (
				F8CE747D26D36D2E0083DE10 /* Person.swift in Sources */,
				F8CE747826D364D60083DE10 /* Observable.swift in Sources */,
				F8CE746826D3647B0083DE10 /* ViewController.swift in Sources */,
				F8CE746426D3647B0083DE10 /* AppDelegate.swift in Sources */,
				F8CE747F26D36D4E0083DE10 /* ViewModel.swift in Sources */,
				F8CE746626D3647B0083DE10 /* SceneDelegate.swift in Sources */,
			);
			runOnlyForDeploymentPostprocessing = 0;
		};
/* End PBXSourcesBuildPhase section */

/* Begin PBXVariantGroup section */
		F8CE746926D3647B0083DE10 /* Main.storyboard */ = {
			isa = PBXVariantGroup;
			children = (
				F8CE746A26D3647B0083DE10 /* Base */,
			);
			name = Main.storyboard;
			sourceTree = "<group>";
		};
		F8CE746E26D3647C0083DE10 /* LaunchScreen.storyboard */ = {
			isa = PBXVariantGroup;
			children = (
				F8CE746F26D3647C0083DE10 /* Base */,
			);
			name = LaunchScreen.storyboard;
			sourceTree = "<group>";
		};
/* End PBXVariantGroup section */

/* Begin XCBuildConfiguration section */
		F8CE747226D3647C0083DE10 /* Debug */ = {
			isa = XCBuildConfiguration;
			buildSettings = {
				ALWAYS_SEARCH_USER_PATHS = NO;
				CLANG_ANALYZER_NONNULL = YES;
				CLANG_ANALYZER_NUMBER_OBJECT_CONVERSION = YES_AGGRESSIVE;
				CLANG_CXX_LANGUAGE_STANDARD = "gnu++14";
				CLANG_CXX_LIBRARY = "libc++";
				CLANG_ENABLE_MODULES = YES;
				CLANG_ENABLE_OBJC_ARC = YES;
				CLANG_ENABLE_OBJC_WEAK = YES;
				CLANG_WARN_BLOCK_CAPTURE_AUTORELEASING = YES;
				CLANG_WARN_BOOL_CONVERSION = YES;
				CLANG_WARN_COMMA = YES;
				CLANG_WARN_CONSTANT_CONVERSION = YES;
				CLANG_WARN_DEPRECATED_OBJC_IMPLEMENTATIONS = YES;
				CLANG_WARN_DIRECT_OBJC_ISA_USAGE = YES_ERROR;
				CLANG_WARN_DOCUMENTATION_COMMENTS = YES;
				CLANG_WARN_EMPTY_BODY = YES;
				CLANG_WARN_ENUM_CONVERSION = YES;
				CLANG_WARN_INFINITE_RECURSION = YES;
				CLANG_WARN_INT_CONVERSION = YES;
				CLANG_WARN_NON_LITERAL_NULL_CONVERSION = YES;
				CLANG_WARN_OBJC_IMPLICIT_RETAIN_SELF = YES;
				CLANG_WARN_OBJC_LITERAL_CONVERSION = YES;
				CLANG_WARN_OBJC_ROOT_CLASS = YES_ERROR;
				CLANG_WARN_QUOTED_INCLUDE_IN_FRAMEWORK_HEADER = YES;
				CLANG_WARN_RANGE_LOOP_ANALYSIS = YES;
				CLANG_WARN_STRICT_PROTOTYPES = YES;
				CLANG_WARN_SUSPICIOUS_MOVE = YES;
				CLANG_WARN_UNGUARDED_AVAILABILITY = YES_AGGRESSIVE;
				CLANG_WARN_UNREACHABLE_CODE = YES;
				CLANG_WARN__DUPLICATE_METHOD_MATCH = YES;
				COPY_PHASE_STRIP = NO;
				DEBUG_INFORMATION_FORMAT = dwarf;
				ENABLE_STRICT_OBJC_MSGSEND = YES;
				ENABLE_TESTABILITY = YES;
				GCC_C_LANGUAGE_STANDARD = gnu11;
				GCC_DYNAMIC_NO_PIC = NO;
				GCC_NO_COMMON_BLOCKS = YES;
				GCC_OPTIMIZATION_LEVEL = 0;
				GCC_PREPROCESSOR_DEFINITIONS = (
					"DEBUG=1",
					"$(inherited)",
				);
				GCC_WARN_64_TO_32_BIT_CONVERSION = YES;
				GCC_WARN_ABOUT_RETURN_TYPE = YES_ERROR;
				GCC_WARN_UNDECLARED_SELECTOR = YES;
				GCC_WARN_UNINITIALIZED_AUTOS = YES_AGGRESSIVE;
				GCC_WARN_UNUSED_FUNCTION = YES;
				GCC_WARN_UNUSED_VARIABLE = YES;
				IPHONEOS_DEPLOYMENT_TARGET = 14.5;
				MTL_ENABLE_DEBUG_INFO = INCLUDE_SOURCE;
				MTL_FAST_MATH = YES;
				ONLY_ACTIVE_ARCH = YES;
				SDKROOT = iphoneos;
				SWIFT_ACTIVE_COMPILATION_CONDITIONS = DEBUG;
				SWIFT_OPTIMIZATION_LEVEL = "-Onone";
			};
			name = Debug;
		};
		F8CE747326D3647C0083DE10 /* Release */ = {
			isa = XCBuildConfiguration;
			buildSettings = {
				ALWAYS_SEARCH_USER_PATHS = NO;
				CLANG_ANALYZER_NONNULL = YES;
				CLANG_ANALYZER_NUMBER_OBJECT_CONVERSION = YES_AGGRESSIVE;
				CLANG_CXX_LANGUAGE_STANDARD = "gnu++14";
				CLANG_CXX_LIBRARY = "libc++";
				CLANG_ENABLE_MODULES = YES;
				CLANG_ENABLE_OBJC_ARC = YES;
				CLANG_ENABLE_OBJC_WEAK = YES;
				CLANG_WARN_BLOCK_CAPTURE_AUTORELEASING = YES;
				CLANG_WARN_BOOL_CONVERSION = YES;
				CLANG_WARN_COMMA = YES;
				CLANG_WARN_CONSTANT_CONVERSION = YES;
				CLANG_WARN_DEPRECATED_OBJC_IMPLEMENTATIONS = YES;
				CLANG_WARN_DIRECT_OBJC_ISA_USAGE = YES_ERROR;
				CLANG_WARN_DOCUMENTATION_COMMENTS = YES;
				CLANG_WARN_EMPTY_BODY = YES;
				CLANG_WARN_ENUM_CONVERSION = YES;
				CLANG_WARN_INFINITE_RECURSION = YES;
				CLANG_WARN_INT_CONVERSION = YES;
				CLANG_WARN_NON_LITERAL_NULL_CONVERSION = YES;
				CLANG_WARN_OBJC_IMPLICIT_RETAIN_SELF = YES;
				CLANG_WARN_OBJC_LITERAL_CONVERSION = YES;
				CLANG_WARN_OBJC_ROOT_CLASS = YES_ERROR;
				CLANG_WARN_QUOTED_INCLUDE_IN_FRAMEWORK_HEADER = YES;
				CLANG_WARN_RANGE_LOOP_ANALYSIS = YES;
				CLANG_WARN_STRICT_PROTOTYPES = YES;
				CLANG_WARN_SUSPICIOUS_MOVE = YES;
				CLANG_WARN_UNGUARDED_AVAILABILITY = YES_AGGRESSIVE;
				CLANG_WARN_UNREACHABLE_CODE = YES;
				CLANG_WARN__DUPLICATE_METHOD_MATCH = YES;
				COPY_PHASE_STRIP = NO;
				DEBUG_INFORMATION_FORMAT = "dwarf-with-dsym";
				ENABLE_NS_ASSERTIONS = NO;
				ENABLE_STRICT_OBJC_MSGSEND = YES;
				GCC_C_LANGUAGE_STANDARD = gnu11;
				GCC_NO_COMMON_BLOCKS = YES;
				GCC_WARN_64_TO_32_BIT_CONVERSION = YES;
				GCC_WARN_ABOUT_RETURN_TYPE = YES_ERROR;
				GCC_WARN_UNDECLARED_SELECTOR = YES;
				GCC_WARN_UNINITIALIZED_AUTOS = YES_AGGRESSIVE;
				GCC_WARN_UNUSED_FUNCTION = YES;
				GCC_WARN_UNUSED_VARIABLE = YES;
				IPHONEOS_DEPLOYMENT_TARGET = 14.5;
				MTL_ENABLE_DEBUG_INFO = NO;
				MTL_FAST_MATH = YES;
				SDKROOT = iphoneos;
				SWIFT_COMPILATION_MODE = wholemodule;
				SWIFT_OPTIMIZATION_LEVEL = "-O";
				VALIDATE_PRODUCT = YES;
			};
			name = Release;
		};
		F8CE747526D3647C0083DE10 /* Debug */ = {
			isa = XCBuildConfiguration;
			buildSettings = {
				ASSETCATALOG_COMPILER_APPICON_NAME = AppIcon;
				ASSETCATALOG_COMPILER_GLOBAL_ACCENT_COLOR_NAME = AccentColor;
				CODE_SIGN_STYLE = Automatic;
				DEVELOPMENT_TEAM = T8C9SSEX5G;
				INFOPLIST_FILE = "MVVMTutorial-iOS/Info.plist";
				LD_RUNPATH_SEARCH_PATHS = (
					"$(inherited)",
					"@executable_path/Frameworks",
				);
				PRODUCT_BUNDLE_IDENTIFIER = "hyun99999.MVVMTutorial-iOS";
				PRODUCT_NAME = "$(TARGET_NAME)";
				SWIFT_VERSION = 5.0;
				TARGETED_DEVICE_FAMILY = "1,2";
			};
			name = Debug;
		};
		F8CE747626D3647C0083DE10 /* Release */ = {
			isa = XCBuildConfiguration;
			buildSettings = {
				ASSETCATALOG_COMPILER_APPICON_NAME = AppIcon;
				ASSETCATALOG_COMPILER_GLOBAL_ACCENT_COLOR_NAME = AccentColor;
				CODE_SIGN_STYLE = Automatic;
				DEVELOPMENT_TEAM = T8C9SSEX5G;
				INFOPLIST_FILE = "MVVMTutorial-iOS/Info.plist";
				LD_RUNPATH_SEARCH_PATHS = (
					"$(inherited)",
					"@executable_path/Frameworks",
				);
				PRODUCT_BUNDLE_IDENTIFIER = "hyun99999.MVVMTutorial-iOS";
				PRODUCT_NAME = "$(TARGET_NAME)";
				SWIFT_VERSION = 5.0;
				TARGETED_DEVICE_FAMILY = "1,2";
			};
			name = Release;
		};
/* End XCBuildConfiguration section */

/* Begin XCConfigurationList section */
		F8CE745B26D3647B0083DE10 /* Build configuration list for PBXProject "MVVMTutorial-iOS" */ = {
			isa = XCConfigurationList;
			buildConfigurations = (
				F8CE747226D3647C0083DE10 /* Debug */,
				F8CE747326D3647C0083DE10 /* Release */,
			);
			defaultConfigurationIsVisible = 0;
			defaultConfigurationName = Release;
		};
		F8CE747426D3647C0083DE10 /* Build configuration list for PBXNativeTarget "MVVMTutorial-iOS" */ = {
			isa = XCConfigurationList;
			buildConfigurations = (
				F8CE747526D3647C0083DE10 /* Debug */,
				F8CE747626D3647C0083DE10 /* Release */,
			);
			defaultConfigurationIsVisible = 0;
			defaultConfigurationName = Release;
		};
/* End XCConfigurationList section */
	};
	rootObject = F8CE745826D3647B0083DE10 /* Project object */;
}
